
Microsoft Visual Studio Solution File, Format Version 12.00
# Visual Studio Version 17
VisualStudioVersion = 17.11.35303.130
MinimumVisualStudioVersion = 10.0.40219.1
Project("{FAE04EC0-301F-11D3-BF4B-00C04F79EFBC}") = "Baby-ShoppingOnline", "Baby-ShoppingOnline.csproj", "{78EE0CA1-0F02-42A0-B8CC-4107B3CC88C7}"
EndProject
Global
	GlobalSection(SolutionConfigurationPlatforms) = preSolution
		Debug|Any CPU = Debug|Any CPU
		Release|Any CPU = Release|Any CPU
	EndGlobalSection
	GlobalSection(ProjectConfigurationPlatforms) = postSolution
		{78EE0CA1-0F02-42A0-B8CC-4107B3CC88C7}.Debug|Any CPU.ActiveCfg = Debug|Any CPU
		{78EE0CA1-0F02-42A0-B8CC-4107B3CC88C7}.Debug|Any CPU.Build.0 = Debug|Any CPU
		{78EE0CA1-0F02-42A0-B8CC-4107B3CC88C7}.Release|Any CPU.ActiveCfg = Release|Any CPU
		{78EE0CA1-0F02-42A0-B8CC-4107B3CC88C7}.Release|Any CPU.Build.0 = Release|Any CPU
	EndGlobalSection
	GlobalSection(SolutionProperties) = preSolution
		HideSolutionNode = FALSE
	EndGlobalSection
	GlobalSection(ExtensibilityGlobals) = postSolution
		SolutionGuid = {7DCC7D50-B028-4EB5-A55E-7D08685CCB6C}
	EndGlobalSection
EndGlobal
